DEPENDENCIES
  cdo-apps
    path: .
    metadata: true
  cdo-github-access
    path: ../cdo-github-access
  cdo-nginx
    path: ../cdo-nginx
  cdo-postfix
    path: ../cdo-postfix
  cdo-repository
    path: ../cdo-repository
  cdo-secrets
    path: ../cdo-secrets
  cdo-varnish
    path: ../cdo-varnish

GRAPH
  apt (2.9.2)
  cdo-apps (0.2.1)
    apt (>= 0.0.0)
    cdo-nginx (>= 0.0.0)
    cdo-postfix (>= 0.0.0)
    cdo-repository (>= 0.0.0)
    cdo-secrets (>= 0.0.0)
    cdo-varnish (>= 0.0.0)
  cdo-github-access (0.1.0)
  cdo-nginx (0.0.1)
    apt (>= 0.0.0)
  cdo-postfix (0.1.0)
  cdo-repository (0.1.1)
    cdo-github-access (>= 0.0.0)
  cdo-secrets (0.1.0)
  cdo-varnish (0.3.5)
    apt (>= 0.0.0)
